
Microsoft Visual Studio Solution File, Format Version 12.00
# Visual Studio Version 16
VisualStudioVersion = 25.0.1700.0
MinimumVisualStudioVersion = 10.0.40219.1
Project("{FAE04EC0-301F-11D3-BF4B-00C04F79EFBC}") = "Task", "Task.csproj", "{3CA7BCB9-3E99-439C-9403-CA729D0E120A}"
EndProject
Global
	GlobalSection(SolutionConfigurationPlatforms) = preSolution
		Debug|Any CPU = Debug|Any CPU
		Release|Any CPU = Release|Any CPU
	EndGlobalSection
	GlobalSection(ProjectConfigurationPlatforms) = postSolution
		{3CA7BCB9-3E99-439C-9403-CA729D0E120A}.Debug|Any CPU.ActiveCfg = Debug|Any CPU
		{3CA7BCB9-3E99-439C-9403-CA729D0E120A}.Debug|Any CPU.Build.0 = Debug|Any CPU
		{3CA7BCB9-3E99-439C-9403-CA729D0E120A}.Release|Any CPU.ActiveCfg = Release|Any CPU
		{3CA7BCB9-3E99-439C-9403-CA729D0E120A}.Release|Any CPU.Build.0 = Release|Any CPU
	EndGlobalSection
	GlobalSection(SolutionProperties) = preSolution
		HideSolutionNode = FALSE
	EndGlobalSection
	GlobalSection(ExtensibilityGlobals) = postSolution
		SolutionGuid = {65B60D4E-34C9-4B71-A885-522DC4DF5D25}
	EndGlobalSection
EndGlobal
